// !$*UTF8*$!
{
	archiveVersion = 1;
	classes = {
	};
	objectVersion = 46;
	objects = {

/* Begin PBXBuildFile section */
		31235D1C1D4C1E0D0010C73D /* XCGLogger.framework in Frameworks */ = {isa = PBXBuildFile; fileRef = 31235D1B1D4C1E0D0010C73D /* XCGLogger.framework */; };
		31235D1D1D4C1E0D0010C73D /* XCGLogger.framework in Embed Frameworks */ = {isa = PBXBuildFile; fileRef = 31235D1B1D4C1E0D0010C73D /* XCGLogger.framework */; settings = {ATTRIBUTES = (CodeSignOnCopy, RemoveHeadersOnCopy, ); }; };
		31235D201D4C23C50010C73D /* ServiceAdvertiserDelegate.swift in Sources */ = {isa = PBXBuildFile; fileRef = 31235D1F1D4C23C50010C73D /* ServiceAdvertiserDelegate.swift */; };
		3141F45F1D4808CC00F83B5B /* AppDelegate.swift in Sources */ = {isa = PBXBuildFile; fileRef = 3141F45E1D4808CC00F83B5B /* AppDelegate.swift */; };
		3141F4611D4808CC00F83B5B /* ViewController.swift in Sources */ = {isa = PBXBuildFile; fileRef = 3141F4601D4808CC00F83B5B /* ViewController.swift */; };
		3141F4641D4808CC00F83B5B /* Main.storyboard in Resources */ = {isa = PBXBuildFile; fileRef = 3141F4621D4808CC00F83B5B /* Main.storyboard */; };
		3141F4661D4808CC00F83B5B /* Assets.xcassets in Resources */ = {isa = PBXBuildFile; fileRef = 3141F4651D4808CC00F83B5B /* Assets.xcassets */; };
		3141F4691D4808CC00F83B5B /* LaunchScreen.storyboard in Resources */ = {isa = PBXBuildFile; fileRef = 3141F4671D4808CC00F83B5B /* LaunchScreen.storyboard */; };
		3141F4731D480C1800F83B5B /* ActionServiceManager.swift in Sources */ = {isa = PBXBuildFile; fileRef = 3141F4721D480C1800F83B5B /* ActionServiceManager.swift */; };
/* End PBXBuildFile section */

/* Begin PBXCopyFilesBuildPhase section */
		31235D1E1D4C1E0D0010C73D /* Embed Frameworks */ = {
			isa = PBXCopyFilesBuildPhase;
			buildActionMask = 2147483647;
			dstPath = "";
			dstSubfolderSpec = 10;
			files = (
				31235D1D1D4C1E0D0010C73D /* XCGLogger.framework in Embed Frameworks */,
			);
			name = "Embed Frameworks";
			runOnlyForDeploymentPostprocessing = 0;
		};
/* End PBXCopyFilesBuildPhase section */

/* Begin PBXFileReference section */
		31235D1B1D4C1E0D0010C73D /* XCGLogger.framework */ = {isa = PBXFileReference; lastKnownFileType = wrapper.framework; name = XCGLogger.framework; path = Carthage/Build/iOS/XCGLogger.framework; sourceTree = "<group>"; };
		31235D1F1D4C23C50010C73D /* ServiceAdvertiserDelegate.swift */ = {isa = PBXFileReference; fileEncoding = 4; lastKnownFileType = sourcecode.swift; path = ServiceAdvertiserDelegate.swift; sourceTree = "<group>"; };
		3141F45B1D4808CC00F83B5B /* bonjour-service-example.app */ = {isa = PBXFileReference; explicitFileType = wrapper.application; includeInIndex = 0; path = "bonjour-service-example.app"; sourceTree = BUILT_PRODUCTS_DIR; };
		3141F45E1D4808CC00F83B5B /* AppDelegate.swift */ = {isa = PBXFileReference; lastKnownFileType = sourcecode.swift; path = AppDelegate.swift; sourceTree = "<group>"; };
		3141F4601D4808CC00F83B5B /* ViewController.swift */ = {isa = PBXFileReference; lastKnownFileType = sourcecode.swift; path = ViewController.swift; sourceTree = "<group>"; };
		3141F4631D4808CC00F83B5B /* Base */ = {isa = PBXFileReference; lastKnownFileType = file.storyboard; name = Base; path = Base.lproj/Main.storyboard; sourceTree = "<group>"; };
		3141F4651D4808CC00F83B5B /* Assets.xcassets */ = {isa = PBXFileReference; lastKnownFileType = folder.assetcatalog; path = Assets.xcassets; sourceTree = "<group>"; };
		3141F4681D4808CC00F83B5B /* Base */ = {isa = PBXFileReference; lastKnownFileType = file.storyboard; name = Base; path = Base.lproj/LaunchScreen.storyboard; sourceTree = "<group>"; };
		3141F46A1D4808CC00F83B5B /* Info.plist */ = {isa = PBXFileReference; lastKnownFileType = text.plist.xml; path = Info.plist; sourceTree = "<group>"; };
		3141F4721D480C1800F83B5B /* ActionServiceManager.swift */ = {isa = PBXFileReference; fileEncoding = 4; lastKnownFileType = sourcecode.swift; name = ActionServiceManager.swift; path = ../ActionServiceManager.swift; sourceTree = "<group>"; };
/* End PBXFileReference section */

/* Begin PBXFrameworksBuildPhase section */
		3141F4581D4808CC00F83B5B /* Frameworks */ = {
			isa = PBXFrameworksBuildPhase;
			buildActionMask = 2147483647;
			files = (
				31235D1C1D4C1E0D0010C73D /* XCGLogger.framework in Frameworks */,
			);
			runOnlyForDeploymentPostprocessing = 0;
		};
/* End PBXFrameworksBuildPhase section */

/* Begin PBXGroup section */
		3141F4521D4808CC00F83B5B = {
			isa = PBXGroup;
			children = (
				31235D1B1D4C1E0D0010C73D /* XCGLogger.framework */,
				3141F45D1D4808CC00F83B5B /* bonjour-service-example */,
				3141F45C1D4808CC00F83B5B /* Products */,
			);
			sourceTree = "<group>";
		};
		3141F45C1D4808CC00F83B5B /* Products */ = {
			isa = PBXGroup;
			children = (
				3141F45B1D4808CC00F83B5B /* bonjour-service-example.app */,
			);
			name = Products;
			sourceTree = "<group>";
		};
		3141F45D1D4808CC00F83B5B /* bonjour-service-example */ = {
			isa = PBXGroup;
			children = (
				3141F4721D480C1800F83B5B /* ActionServiceManager.swift */,
				3141F45E1D4808CC00F83B5B /* AppDelegate.swift */,
				3141F4601D4808CC00F83B5B /* ViewController.swift */,
				31235D1F1D4C23C50010C73D /* ServiceAdvertiserDelegate.swift */,
				3141F4621D4808CC00F83B5B /* Main.storyboard */,
				3141F4651D4808CC00F83B5B /* Assets.xcassets */,
				3141F4671D4808CC00F83B5B /* LaunchScreen.storyboard */,
				3141F46A1D4808CC00F83B5B /* Info.plist */,
			);
			path = "bonjour-service-example";
			sourceTree = "<group>";
		};
/* End PBXGroup section */

/* Begin PBXNativeTarget section */
		3141F45A1D4808CC00F83B5B /* bonjour-service-example */ = {
			isa = PBXNativeTarget;
			buildConfigurationList = 3141F46D1D4808CC00F83B5B /* Build configuration list for PBXNativeTarget "bonjour-service-example" */;
			buildPhases = (
				3141F4571D4808CC00F83B5B /* Sources */,
				3141F4581D4808CC00F83B5B /* Frameworks */,
				3141F4591D4808CC00F83B5B /* Resources */,
				31235D1E1D4C1E0D0010C73D /* Embed Frameworks */,
			);
			buildRules = (
			);
			dependencies = (
			);
			name = "bonjour-service-example";
			productName = "bonjour-service-example";
			productReference = 3141F45B1D4808CC00F83B5B /* bonjour-service-example.app */;
			productType = "com.apple.product-type.application";
		};
/* End PBXNativeTarget section */

/* Begin PBXProject section */
		3141F4531D4808CC00F83B5B /* Project object */ = {
			isa = PBXProject;
			attributes = {
				LastSwiftUpdateCheck = 0730;
				LastUpgradeCheck = 0730;
				ORGANIZATIONNAME = jngd;
				TargetAttributes = {
					3141F45A1D4808CC00F83B5B = {
						CreatedOnToolsVersion = 7.3.1;
					};
				};
			};
			buildConfigurationList = 3141F4561D4808CC00F83B5B /* Build configuration list for PBXProject "bonjour-service-example" */;
			compatibilityVersion = "Xcode 3.2";
			developmentRegion = English;
			hasScannedForEncodings = 0;
			knownRegions = (
				en,
				Base,
			);
			mainGroup = 3141F4521D4808CC00F83B5B;
			productRefGroup = 3141F45C1D4808CC00F83B5B /* Products */;
			projectDirPath = "";
			projectRoot = "";
			targets = (
				3141F45A1D4808CC00F83B5B /* bonjour-service-example */,
			);
		};
/* End PBXProject section */

/* Begin PBXResourcesBuildPhase section */
		3141F4591D4808CC00F83B5B /* Resources */ = {
			isa = PBXResourcesBuildPhase;
			buildActionMask = 2147483647;
			files = (
				3141F4691D4808CC00F83B5B /* LaunchScreen.storyboard in Resources */,
				3141F4661D4808CC00F83B5B /* Assets.xcassets in Resources */,
				3141F4641D4808CC00F83B5B /* Main.storyboard in Resources */,
			);
			runOnlyForDeploymentPostprocessing = 0;
		};
/* End PBXResourcesBuildPhase section */

/* Begin PBXSourcesBuildPhase section */
		3141F4571D4808CC00F83B5B /* Sources */ = {
			isa = PBXSourcesBuildPhase;
			buildActionMask = 2147483647;
			files = (
				3141F4611D4808CC00F83B5B /* ViewController.swift in Sources */,
				3141F45F1D4808CC00F83B5B /* AppDelegate.swift in Sources */,
				3141F4731D480C1800F83B5B /* ActionServiceManager.swift in Sources */,
				31235D201D4C23C50010C73D /* ServiceAdvertiserDelegate.swift in Sources */,
			);
			runOnlyForDeploymentPostprocessing = 0;
		};
/* End PBXSourcesBuildPhase section */

/* Begin PBXVariantGroup section */
		3141F4621D4808CC00F83B5B /* Main.storyboard */ = {
			isa = PBXVariantGroup;
			children = (
				3141F4631D4808CC00F83B5B /* Base */,
			);
			name = Main.storyboard;
			sourceTree = "<group>";
		};
		3141F4671D4808CC00F83B5B /* LaunchScreen.storyboard */ = {
			isa = PBXVariantGroup;
			children = (
				3141F4681D4808CC00F83B5B /* Base */,
			);
			name = LaunchScreen.storyboard;
			sourceTree = "<group>";
		};
/* End PBXVariantGroup section */

/* Begin XCBuildConfiguration section */
		3141F46B1D4808CC00F83B5B /* Debug */ = {
			isa = XCBuildConfiguration;
			buildSettings = {
				ALWAYS_SEARCH_USER_PATHS = NO;
				CLANG_ANALYZER_NONNULL = YES;
				CLANG_CXX_LANGUAGE_STANDARD = "gnu++0x";
				CLANG_CXX_LIBRARY = "libc++";
				CLANG_ENABLE_MODULES = YES;
				CLANG_ENABLE_OBJC_ARC = YES;
				CLANG_WARN_BOOL_CONVERSION = YES;
				CLANG_WARN_CONSTANT_CONVERSION = YES;
				CLANG_WARN_DIRECT_OBJC_ISA_USAGE = YES_ERROR;
				CLANG_WARN_EMPTY_BODY = YES;
				CLANG_WARN_ENUM_CONVERSION = YES;
				CLANG_WARN_INT_CONVERSION = YES;
				CLANG_WARN_OBJC_ROOT_CLASS = YES_ERROR;
				CLANG_WARN_UNREACHABLE_CODE = YES;
				CLANG_WARN__DUPLICATE_METHOD_MATCH = YES;
				"CODE_SIGN_IDENTITY[sdk=iphoneos*]" = "iPhone Developer";
				COPY_PHASE_STRIP = NO;
				DEBUG_INFORMATION_FORMAT = dwarf;
				ENABLE_STRICT_OBJC_MSGSEND = YES;
				ENABLE_TESTABILITY = YES;
				GCC_C_LANGUAGE_STANDARD = gnu99;
				GCC_DYNAMIC_NO_PIC = NO;
				GCC_NO_COMMON_BLOCKS = YES;
				GCC_OPTIMIZATION_LEVEL = 0;
				GCC_PREPROCESSOR_DEFINITIONS = (
					"DEBUG=1",
					"$(inherited)",
				);
				GCC_WARN_64_TO_32_BIT_CONVERSION = YES;
				GCC_WARN_ABOUT_RETURN_TYPE = YES_ERROR;
				GCC_WARN_UNDECLARED_SELECTOR = YES;
				GCC_WARN_UNINITIALIZED_AUTOS = YES_AGGRESSIVE;
				GCC_WARN_UNUSED_FUNCTION = YES;
				GCC_WARN_UNUSED_VARIABLE = YES;
				IPHONEOS_DEPLOYMENT_TARGET = 9.3;
				MTL_ENABLE_DEBUG_INFO = YES;
				ONLY_ACTIVE_ARCH = YES;
				SDKROOT = iphoneos;
				SWIFT_OPTIMIZATION_LEVEL = "-Onone";
				TARGETED_DEVICE_FAMILY = "1,2";
			};
			name = Debug;
		};
		3141F46C1D4808CC00F83B5B /* Release */ = {
			isa = XCBuildConfiguration;
			buildSettings = {
				ALWAYS_SEARCH_USER_PATHS = NO;
				CLANG_ANALYZER_NONNULL = YES;
				CLANG_CXX_LANGUAGE_STANDARD = "gnu++0x";
				CLANG_CXX_LIBRARY = "libc++";
				CLANG_ENABLE_MODULES = YES;
				CLANG_ENABLE_OBJC_ARC = YES;
				CLANG_WARN_BOOL_CONVERSION = YES;
				CLANG_WARN_CONSTANT_CONVERSION = YES;
				CLANG_WARN_DIRECT_OBJC_ISA_USAGE = YES_ERROR;
				CLANG_WARN_EMPTY_BODY = YES;
				CLANG_WARN_ENUM_CONVERSION = YES;
				CLANG_WARN_INT_CONVERSION = YES;
				CLANG_WARN_OBJC_ROOT_CLASS = YES_ERROR;
				CLANG_WARN_UNREACHABLE_CODE = YES;
				CLANG_WARN__DUPLICATE_METHOD_MATCH = YES;
				"CODE_SIGN_IDENTITY[sdk=iphoneos*]" = "iPhone Developer";
				COPY_PHASE_STRIP = NO;
				DEBUG_INFORMATION_FORMAT = "dwarf-with-dsym";
				ENABLE_NS_ASSERTIONS = NO;
				ENABLE_STRICT_OBJC_MSGSEND = YES;
				GCC_C_LANGUAGE_STANDARD = gnu99;
				GCC_NO_COMMON_BLOCKS = YES;
				GCC_WARN_64_TO_32_BIT_CONVERSION = YES;
				GCC_WARN_ABOUT_RETURN_TYPE = YES_ERROR;
				GCC_WARN_UNDECLARED_SELECTOR = YES;
				GCC_WARN_UNINITIALIZED_AUTOS = YES_AGGRESSIVE;
				GCC_WARN_UNUSED_FUNCTION = YES;
				GCC_WARN_UNUSED_VARIABLE = YES;
				IPHONEOS_DEPLOYMENT_TARGET = 9.3;
				MTL_ENABLE_DEBUG_INFO = NO;
				SDKROOT = iphoneos;
				TARGETED_DEVICE_FAMILY = "1,2";
				VALIDATE_PRODUCT = YES;
			};
			name = Release;
		};
		3141F46E1D4808CC00F83B5B /* Debug */ = {
			isa = XCBuildConfiguration;
			buildSettings = {
				ASSETCATALOG_COMPILER_APPICON_NAME = AppIcon;
				FRAMEWORK_SEARCH_PATHS = (
					"$(inherited)",
					"$(PROJECT_DIR)/Carthage/Build/iOS",
				);
				INFOPLIST_FILE = "bonjour-service-example/Info.plist";
				LD_RUNPATH_SEARCH_PATHS = "$(inherited) @executable_path/Frameworks";
				PRODUCT_BUNDLE_IDENTIFIER = "jngd.bonjour-service-example";
				PRODUCT_NAME = "$(TARGET_NAME)";
			};
			name = Debug;
		};
		3141F46F1D4808CC00F83B5B /* Release */ = {
			isa = XCBuildConfiguration;
			buildSettings = {
				ASSETCATALOG_COMPILER_APPICON_NAME = AppIcon;
				FRAMEWORK_SEARCH_PATHS = (
					"$(inherited)",
					"$(PROJECT_DIR)/Carthage/Build/iOS",
				);
				INFOPLIST_FILE = "bonjour-service-example/Info.plist";
				LD_RUNPATH_SEARCH_PATHS = "$(inherited) @executable_path/Frameworks";
				PRODUCT_BUNDLE_IDENTIFIER = "jngd.bonjour-service-example";
				PRODUCT_NAME = "$(TARGET_NAME)";
			};
			name = Release;
		};
/* End XCBuildConfiguration section */

/* Begin XCConfigurationList section */
		3141F4561D4808CC00F83B5B /* Build configuration list for PBXProject "bonjour-service-example" */ = {
			isa = XCConfigurationList;
			buildConfigurations = (
				3141F46B1D4808CC00F83B5B /* Debug */,
				3141F46C1D4808CC00F83B5B /* Release */,
			);
			defaultConfigurationIsVisible = 0;
			defaultConfigurationName = Release;
		};
		3141F46D1D4808CC00F83B5B /* Build configuration list for PBXNativeTarget "bonjour-service-example" */ = {
			isa = XCConfigurationList;
			buildConfigurations = (
				3141F46E1D4808CC00F83B5B /* Debug */,
				3141F46F1D4808CC00F83B5B /* Release */,
			);
			defaultConfigurationIsVisible = 0;
			defaultConfigurationName = Release;
		};
/* End XCConfigurationList section */
	};
	rootObject = 3141F4531D4808CC00F83B5B /* Project object */;
}
